// !$*UTF8*$!
{
	archiveVersion = 1;
	classes = {
	};
	objectVersion = 50;
	objects = {

/* Begin PBXBuildFile section */
		522986ED245F5EAE00854E51 /* AppDelegate.swift in Sources */ = {isa = PBXBuildFile; fileRef = 522986EC245F5EAE00854E51 /* AppDelegate.swift */; };
		522986EF245F5EAE00854E51 /* SceneDelegate.swift in Sources */ = {isa = PBXBuildFile; fileRef = 522986EE245F5EAE00854E51 /* SceneDelegate.swift */; };
		522986F1245F5EAE00854E51 /* ViewController.swift in Sources */ = {isa = PBXBuildFile; fileRef = 522986F0245F5EAE00854E51 /* ViewController.swift */; };
		522986F4245F5EAE00854E51 /* Main.storyboard in Resources */ = {isa = PBXBuildFile; fileRef = 522986F2245F5EAE00854E51 /* Main.storyboard */; };
		522986F6245F5EB100854E51 /* Assets.xcassets in Resources */ = {isa = PBXBuildFile; fileRef = 522986F5245F5EB100854E51 /* Assets.xcassets */; };
		522986F9245F5EB100854E51 /* LaunchScreen.storyboard in Resources */ = {isa = PBXBuildFile; fileRef = 522986F7245F5EB100854E51 /* LaunchScreen.storyboard */; };
		52298704245F5EB100854E51 /* Gray_HW__8Tests.swift in Sources */ = {isa = PBXBuildFile; fileRef = 52298703245F5EB100854E51 /* Gray_HW__8Tests.swift */; };
		5229870F245F5EB100854E51 /* Gray_HW__8UITests.swift in Sources */ = {isa = PBXBuildFile; fileRef = 5229870E245F5EB100854E51 /* Gray_HW__8UITests.swift */; };
		5229871D245F712700854E51 /* grass.jpg in Resources */ = {isa = PBXBuildFile; fileRef = 5229871C245F712700854E51 /* grass.jpg */; };
		5229871F245F721C00854E51 /* doggo.jpg in Resources */ = {isa = PBXBuildFile; fileRef = 5229871E245F721C00854E51 /* doggo.jpg */; };
		52298721245F7EE700854E51 /* wet doggo.png in Resources */ = {isa = PBXBuildFile; fileRef = 52298720245F7EE700854E51 /* wet doggo.png */; };
/* End PBXBuildFile section */

/* Begin PBXContainerItemProxy section */
		52298700245F5EB100854E51 /* PBXContainerItemProxy */ = {
			isa = PBXContainerItemProxy;
			containerPortal = 522986E1245F5EAE00854E51 /* Project object */;
			proxyType = 1;
			remoteGlobalIDString = 522986E8245F5EAE00854E51;
			remoteInfo = "Gray HW #8";
		};
		5229870B245F5EB100854E51 /* PBXContainerItemProxy */ = {
			isa = PBXContainerItemProxy;
			containerPortal = 522986E1245F5EAE00854E51 /* Project object */;
			proxyType = 1;
			remoteGlobalIDString = 522986E8245F5EAE00854E51;
			remoteInfo = "Gray HW #8";
		};
/* End PBXContainerItemProxy section */

/* Begin PBXFileReference section */
		522986E9245F5EAE00854E51 /* Gray HW #8.app */ = {isa = PBXFileReference; explicitFileType = wrapper.application; includeInIndex = 0; path = "Gray HW #8.app"; sourceTree = BUILT_PRODUCTS_DIR; };
		522986EC245F5EAE00854E51 /* AppDelegate.swift */ = {isa = PBXFileReference; lastKnownFileType = sourcecode.swift; path = AppDelegate.swift; sourceTree = "<group>"; };
		522986EE245F5EAE00854E51 /* SceneDelegate.swift */ = {isa = PBXFileReference; lastKnownFileType = sourcecode.swift; path = SceneDelegate.swift; sourceTree = "<group>"; };
		522986F0245F5EAE00854E51 /* ViewController.swift */ = {isa = PBXFileReference; lastKnownFileType = sourcecode.swift; path = ViewController.swift; sourceTree = "<group>"; };
		522986F3245F5EAE00854E51 /* Base */ = {isa = PBXFileReference; lastKnownFileType = file.storyboard; name = Base; path = Base.lproj/Main.storyboard; sourceTree = "<group>"; };
		522986F5245F5EB100854E51 /* Assets.xcassets */ = {isa = PBXFileReference; lastKnownFileType = folder.assetcatalog; path = Assets.xcassets; sourceTree = "<group>"; };
		522986F8245F5EB100854E51 /* Base */ = {isa = PBXFileReference; lastKnownFileType = file.storyboard; name = Base; path = Base.lproj/LaunchScreen.storyboard; sourceTree = "<group>"; };
		522986FA245F5EB100854E51 /* Info.plist */ = {isa = PBXFileReference; lastKnownFileType = text.plist.xml; path = Info.plist; sourceTree = "<group>"; };
		522986FF245F5EB100854E51 /* Gray HW #8Tests.xctest */ = {isa = PBXFileReference; explicitFileType = wrapper.cfbundle; includeInIndex = 0; path = "Gray HW #8Tests.xctest"; sourceTree = BUILT_PRODUCTS_DIR; };
		52298703245F5EB100854E51 /* Gray_HW__8Tests.swift */ = {isa = PBXFileReference; lastKnownFileType = sourcecode.swift; path = Gray_HW__8Tests.swift; sourceTree = "<group>"; };
		52298705245F5EB100854E51 /* Info.plist */ = {isa = PBXFileReference; lastKnownFileType = text.plist.xml; path = Info.plist; sourceTree = "<group>"; };
		5229870A245F5EB100854E51 /* Gray HW #8UITests.xctest */ = {isa = PBXFileReference; explicitFileType = wrapper.cfbundle; includeInIndex = 0; path = "Gray HW #8UITests.xctest"; sourceTree = BUILT_PRODUCTS_DIR; };
		5229870E245F5EB100854E51 /* Gray_HW__8UITests.swift */ = {isa = PBXFileReference; lastKnownFileType = sourcecode.swift; path = Gray_HW__8UITests.swift; sourceTree = "<group>"; };
		52298710245F5EB100854E51 /* Info.plist */ = {isa = PBXFileReference; lastKnownFileType = text.plist.xml; path = Info.plist; sourceTree = "<group>"; };
		5229871C245F712700854E51 /* grass.jpg */ = {isa = PBXFileReference; lastKnownFileType = image.jpeg; name = grass.jpg; path = ../../../../Documents/grass.jpg; sourceTree = "<group>"; };
		5229871E245F721C00854E51 /* doggo.jpg */ = {isa = PBXFileReference; lastKnownFileType = image.jpeg; name = doggo.jpg; path = ../../../../Documents/doggo.jpg; sourceTree = "<group>"; };
		52298720245F7EE700854E51 /* wet doggo.png */ = {isa = PBXFileReference; lastKnownFileType = image.png; name = "wet doggo.png"; path = "../../../../Documents/wet doggo.png"; sourceTree = "<group>"; };
/* End PBXFileReference section */

/* Begin PBXFrameworksBuildPhase section */
		522986E6245F5EAE00854E51 /* Frameworks */ = {
			isa = PBXFrameworksBuildPhase;
			buildActionMask = 2147483647;
			files = (
			);
			runOnlyForDeploymentPostprocessing = 0;
		};
		522986FC245F5EB100854E51 /* Frameworks */ = {
			isa = PBXFrameworksBuildPhase;
			buildActionMask = 2147483647;
			files = (
			);
			runOnlyForDeploymentPostprocessing = 0;
		};
		52298707245F5EB100854E51 /* Frameworks */ = {
			isa = PBXFrameworksBuildPhase;
			buildActionMask = 2147483647;
			files = (
			);
			runOnlyForDeploymentPostprocessing = 0;
		};
/* End PBXFrameworksBuildPhase section */

/* Begin PBXGroup section */
		522986E0245F5EAE00854E51 = {
			isa = PBXGroup;
			children = (
				522986EB245F5EAE00854E51 /* Gray HW #8 */,
				52298702245F5EB100854E51 /* Gray HW #8Tests */,
				5229870D245F5EB100854E51 /* Gray HW #8UITests */,
				522986EA245F5EAE00854E51 /* Products */,
			);
			sourceTree = "<group>";
		};
		522986EA245F5EAE00854E51 /* Products */ = {
			isa = PBXGroup;
			children = (
				522986E9245F5EAE00854E51 /* Gray HW #8.app */,
				522986FF245F5EB100854E51 /* Gray HW #8Tests.xctest */,
				5229870A245F5EB100854E51 /* Gray HW #8UITests.xctest */,
			);
			name = Products;
			sourceTree = "<group>";
		};
		522986EB245F5EAE00854E51 /* Gray HW #8 */ = {
			isa = PBXGroup;
			children = (
				522986EC245F5EAE00854E51 /* AppDelegate.swift */,
				522986EE245F5EAE00854E51 /* SceneDelegate.swift */,
				522986F0245F5EAE00854E51 /* ViewController.swift */,
				522986F2245F5EAE00854E51 /* Main.storyboard */,
				52298720245F7EE700854E51 /* wet doggo.png */,
				5229871E245F721C00854E51 /* doggo.jpg */,
				522986F5245F5EB100854E51 /* Assets.xcassets */,
				5229871C245F712700854E51 /* grass.jpg */,
				522986F7245F5EB100854E51 /* LaunchScreen.storyboard */,
				522986FA245F5EB100854E51 /* Info.plist */,
			);
			path = "Gray HW #8";
			sourceTree = "<group>";
		};
		52298702245F5EB100854E51 /* Gray HW #8Tests */ = {
			isa = PBXGroup;
			children = (
				52298703245F5EB100854E51 /* Gray_HW__8Tests.swift */,
				52298705245F5EB100854E51 /* Info.plist */,
			);
			path = "Gray HW #8Tests";
			sourceTree = "<group>";
		};
		5229870D245F5EB100854E51 /* Gray HW #8UITests */ = {
			isa = PBXGroup;
			children = (
				5229870E245F5EB100854E51 /* Gray_HW__8UITests.swift */,
				52298710245F5EB100854E51 /* Info.plist */,
			);
			path = "Gray HW #8UITests";
			sourceTree = "<group>";
		};
/* End PBXGroup section */

/* Begin PBXNativeTarget section */
		522986E8245F5EAE00854E51 /* Gray HW #8 */ = {
			isa = PBXNativeTarget;
			buildConfigurationList = 52298713245F5EB100854E51 /* Build configuration list for PBXNativeTarget "Gray HW #8" */;
			buildPhases = (
				522986E5245F5EAE00854E51 /* Sources */,
				522986E6245F5EAE00854E51 /* Frameworks */,
				522986E7245F5EAE00854E51 /* Resources */,
			);
			buildRules = (
			);
			dependencies = (
			);
			name = "Gray HW #8";
			productName = "Gray HW #8";
			productReference = 522986E9245F5EAE00854E51 /* Gray HW #8.app */;
			productType = "com.apple.product-type.application";
		};
		522986FE245F5EB100854E51 /* Gray HW #8Tests */ = {
			isa = PBXNativeTarget;
			buildConfigurationList = 52298716245F5EB100854E51 /* Build configuration list for PBXNativeTarget "Gray HW #8Tests" */;
			buildPhases = (
				522986FB245F5EB100854E51 /* Sources */,
				522986FC245F5EB100854E51 /* Frameworks */,
				522986FD245F5EB100854E51 /* Resources */,
			);
			buildRules = (
			);
			dependencies = (
				52298701245F5EB100854E51 /* PBXTargetDependency */,
			);
			name = "Gray HW #8Tests";
			productName = "Gray HW #8Tests";
			productReference = 522986FF245F5EB100854E51 /* Gray HW #8Tests.xctest */;
			productType = "com.apple.product-type.bundle.unit-test";
		};
		52298709245F5EB100854E51 /* Gray HW #8UITests */ = {
			isa = PBXNativeTarget;
			buildConfigurationList = 52298719245F5EB100854E51 /* Build configuration list for PBXNativeTarget "Gray HW #8UITests" */;
			buildPhases = (
				52298706245F5EB100854E51 /* Sources */,
				52298707245F5EB100854E51 /* Frameworks */,
				52298708245F5EB100854E51 /* Resources */,
			);
			buildRules = (
			);
			dependencies = (
				5229870C245F5EB100854E51 /* PBXTargetDependency */,
			);
			name = "Gray HW #8UITests";
			productName = "Gray HW #8UITests";
			productReference = 5229870A245F5EB100854E51 /* Gray HW #8UITests.xctest */;
			productType = "com.apple.product-type.bundle.ui-testing";
		};
/* End PBXNativeTarget section */

/* Begin PBXProject section */
		522986E1245F5EAE00854E51 /* Project object */ = {
			isa = PBXProject;
			attributes = {
				LastSwiftUpdateCheck = 1140;
				LastUpgradeCheck = 1140;
				ORGANIZATIONNAME = "logan gray";
				TargetAttributes = {
					522986E8245F5EAE00854E51 = {
						CreatedOnToolsVersion = 11.4.1;
					};
					522986FE245F5EB100854E51 = {
						CreatedOnToolsVersion = 11.4.1;
						TestTargetID = 522986E8245F5EAE00854E51;
					};
					52298709245F5EB100854E51 = {
						CreatedOnToolsVersion = 11.4.1;
						TestTargetID = 522986E8245F5EAE00854E51;
					};
				};
			};
			buildConfigurationList = 522986E4245F5EAE00854E51 /* Build configuration list for PBXProject "Gray HW #8" */;
			compatibilityVersion = "Xcode 9.3";
			developmentRegion = en;
			hasScannedForEncodings = 0;
			knownRegions = (
				en,
				Base,
			);
			mainGroup = 522986E0245F5EAE00854E51;
			productRefGroup = 522986EA245F5EAE00854E51 /* Products */;
			projectDirPath = "";
			projectRoot = "";
			targets = (
				522986E8245F5EAE00854E51 /* Gray HW #8 */,
				522986FE245F5EB100854E51 /* Gray HW #8Tests */,
				52298709245F5EB100854E51 /* Gray HW #8UITests */,
			);
		};
/* End PBXProject section */

/* Begin PBXResourcesBuildPhase section */
		522986E7245F5EAE00854E51 /* Resources */ = {
			isa = PBXResourcesBuildPhase;
			buildActionMask = 2147483647;
			files = (
				5229871F245F721C00854E51 /* doggo.jpg in Resources */,
				5229871D245F712700854E51 /* grass.jpg in Resources */,
				522986F9245F5EB100854E51 /* LaunchScreen.storyboard in Resources */,
				522986F6245F5EB100854E51 /* Assets.xcassets in Resources */,
				52298721245F7EE700854E51 /* wet doggo.png in Resources */,
				522986F4245F5EAE00854E51 /* Main.storyboard in Resources */,
			);
			runOnlyForDeploymentPostprocessing = 0;
		};
		522986FD245F5EB100854E51 /* Resources */ = {
			isa = PBXResourcesBuildPhase;
			buildActionMask = 2147483647;
			files = (
			);
			runOnlyForDeploymentPostprocessing = 0;
		};
		52298708245F5EB100854E51 /* Resources */ = {
			isa = PBXResourcesBuildPhase;
			buildActionMask = 2147483647;
			files = (
			);
			runOnlyForDeploymentPostprocessing = 0;
		};
/* End PBXResourcesBuildPhase section */

/* Begin PBXSourcesBuildPhase section */
		522986E5245F5EAE00854E51 /* Sources */ = {
			isa = PBXSourcesBuildPhase;
			buildActionMask = 2147483647;
			files = (
				522986F1245F5EAE00854E51 /* ViewController.swift in Sources */,
				522986ED245F5EAE00854E51 /* AppDelegate.swift in Sources */,
				522986EF245F5EAE00854E51 /* SceneDelegate.swift in Sources */,
			);
			runOnlyForDeploymentPostprocessing = 0;
		};
		522986FB245F5EB100854E51 /* Sources */ = {
			isa = PBXSourcesBuildPhase;
			buildActionMask = 2147483647;
			files = (
				52298704245F5EB100854E51 /* Gray_HW__8Tests.swift in Sources */,
			);
			runOnlyForDeploymentPostprocessing = 0;
		};
		52298706245F5EB100854E51 /* Sources */ = {
			isa = PBXSourcesBuildPhase;
			buildActionMask = 2147483647;
			files = (
				5229870F245F5EB100854E51 /* Gray_HW__8UITests.swift in Sources */,
			);
			runOnlyForDeploymentPostprocessing = 0;
		};
/* End PBXSourcesBuildPhase section */

/* Begin PBXTargetDependency section */
		52298701245F5EB100854E51 /* PBXTargetDependency */ = {
			isa = PBXTargetDependency;
			target = 522986E8245F5EAE00854E51 /* Gray HW #8 */;
			targetProxy = 52298700245F5EB100854E51 /* PBXContainerItemProxy */;
		};
		5229870C245F5EB100854E51 /* PBXTargetDependency */ = {
			isa = PBXTargetDependency;
			target = 522986E8245F5EAE00854E51 /* Gray HW #8 */;
			targetProxy = 5229870B245F5EB100854E51 /* PBXContainerItemProxy */;
		};
/* End PBXTargetDependency section */

/* Begin PBXVariantGroup section */
		522986F2245F5EAE00854E51 /* Main.storyboard */ = {
			isa = PBXVariantGroup;
			children = (
				522986F3245F5EAE00854E51 /* Base */,
			);
			name = Main.storyboard;
			sourceTree = "<group>";
		};
		522986F7245F5EB100854E51 /* LaunchScreen.storyboard */ = {
			isa = PBXVariantGroup;
			children = (
				522986F8245F5EB100854E51 /* Base */,
			);
			name = LaunchScreen.storyboard;
			sourceTree = "<group>";
		};
/* End PBXVariantGroup section */

/* Begin XCBuildConfiguration section */
		52298711245F5EB100854E51 /* Debug */ = {
			isa = XCBuildConfiguration;
			buildSettings = {
				ALWAYS_SEARCH_USER_PATHS = NO;
				CLANG_ANALYZER_NONNULL = YES;
				CLANG_ANALYZER_NUMBER_OBJECT_CONVERSION = YES_AGGRESSIVE;
				CLANG_CXX_LANGUAGE_STANDARD = "gnu++14";
				CLANG_CXX_LIBRARY = "libc++";
				CLANG_ENABLE_MODULES = YES;
				CLANG_ENABLE_OBJC_ARC = YES;
				CLANG_ENABLE_OBJC_WEAK = YES;
				CLANG_WARN_BLOCK_CAPTURE_AUTORELEASING = YES;
				CLANG_WARN_BOOL_CONVERSION = YES;
				CLANG_WARN_COMMA = YES;
				CLANG_WARN_CONSTANT_CONVERSION = YES;
				CLANG_WARN_DEPRECATED_OBJC_IMPLEMENTATIONS = YES;
				CLANG_WARN_DIRECT_OBJC_ISA_USAGE = YES_ERROR;
				CLANG_WARN_DOCUMENTATION_COMMENTS = YES;
				CLANG_WARN_EMPTY_BODY = YES;
				CLANG_WARN_ENUM_CONVERSION = YES;
				CLANG_WARN_INFINITE_RECURSION = YES;
				CLANG_WARN_INT_CONVERSION = YES;
				CLANG_WARN_NON_LITERAL_NULL_CONVERSION = YES;
				CLANG_WARN_OBJC_IMPLICIT_RETAIN_SELF = YES;
				CLANG_WARN_OBJC_LITERAL_CONVERSION = YES;
				CLANG_WARN_OBJC_ROOT_CLASS = YES_ERROR;
				CLANG_WARN_RANGE_LOOP_ANALYSIS = YES;
				CLANG_WARN_STRICT_PROTOTYPES = YES;
				CLANG_WARN_SUSPICIOUS_MOVE = YES;
				CLANG_WARN_UNGUARDED_AVAILABILITY = YES_AGGRESSIVE;
				CLANG_WARN_UNREACHABLE_CODE = YES;
				CLANG_WARN__DUPLICATE_METHOD_MATCH = YES;
				COPY_PHASE_STRIP = NO;
				DEBUG_INFORMATION_FORMAT = dwarf;
				ENABLE_STRICT_OBJC_MSGSEND = YES;
				ENABLE_TESTABILITY = YES;
				GCC_C_LANGUAGE_STANDARD = gnu11;
				GCC_DYNAMIC_NO_PIC = NO;
				GCC_NO_COMMON_BLOCKS = YES;
				GCC_OPTIMIZATION_LEVEL = 0;
				GCC_PREPROCESSOR_DEFINITIONS = (
					"DEBUG=1",
					"$(inherited)",
				);
				GCC_WARN_64_TO_32_BIT_CONVERSION = YES;
				GCC_WARN_ABOUT_RETURN_TYPE = YES_ERROR;
				GCC_WARN_UNDECLARED_SELECTOR = YES;
				GCC_WARN_UNINITIALIZED_AUTOS = YES_AGGRESSIVE;
				GCC_WARN_UNUSED_FUNCTION = YES;
				GCC_WARN_UNUSED_VARIABLE = YES;
				IPHONEOS_DEPLOYMENT_TARGET = 13.4;
				MTL_ENABLE_DEBUG_INFO = INCLUDE_SOURCE;
				MTL_FAST_MATH = YES;
				ONLY_ACTIVE_ARCH = YES;
				SDKROOT = iphoneos;
				SWIFT_ACTIVE_COMPILATION_CONDITIONS = DEBUG;
				SWIFT_OPTIMIZATION_LEVEL = "-Onone";
			};
			name = Debug;
		};
		52298712245F5EB100854E51 /* Release */ = {
			isa = XCBuildConfiguration;
			buildSettings = {
				ALWAYS_SEARCH_USER_PATHS = NO;
				CLANG_ANALYZER_NONNULL = YES;
				CLANG_ANALYZER_NUMBER_OBJECT_CONVERSION = YES_AGGRESSIVE;
				CLANG_CXX_LANGUAGE_STANDARD = "gnu++14";
				CLANG_CXX_LIBRARY = "libc++";
				CLANG_ENABLE_MODULES = YES;
				CLANG_ENABLE_OBJC_ARC = YES;
				CLANG_ENABLE_OBJC_WEAK = YES;
				CLANG_WARN_BLOCK_CAPTURE_AUTORELEASING = YES;
				CLANG_WARN_BOOL_CONVERSION = YES;
				CLANG_WARN_COMMA = YES;
				CLANG_WARN_CONSTANT_CONVERSION = YES;
				CLANG_WARN_DEPRECATED_OBJC_IMPLEMENTATIONS = YES;
				CLANG_WARN_DIRECT_OBJC_ISA_USAGE = YES_ERROR;
				CLANG_WARN_DOCUMENTATION_COMMENTS = YES;
				CLANG_WARN_EMPTY_BODY = YES;
				CLANG_WARN_ENUM_CONVERSION = YES;
				CLANG_WARN_INFINITE_RECURSION = YES;
				CLANG_WARN_INT_CONVERSION = YES;
				CLANG_WARN_NON_LITERAL_NULL_CONVERSION = YES;
				CLANG_WARN_OBJC_IMPLICIT_RETAIN_SELF = YES;
				CLANG_WARN_OBJC_LITERAL_CONVERSION = YES;
				CLANG_WARN_OBJC_ROOT_CLASS = YES_ERROR;
				CLANG_WARN_RANGE_LOOP_ANALYSIS = YES;
				CLANG_WARN_STRICT_PROTOTYPES = YES;
				CLANG_WARN_SUSPICIOUS_MOVE = YES;
				CLANG_WARN_UNGUARDED_AVAILABILITY = YES_AGGRESSIVE;
				CLANG_WARN_UNREACHABLE_CODE = YES;
				CLANG_WARN__DUPLICATE_METHOD_MATCH = YES;
				COPY_PHASE_STRIP = NO;
				DEBUG_INFORMATION_FORMAT = "dwarf-with-dsym";
				ENABLE_NS_ASSERTIONS = NO;
				ENABLE_STRICT_OBJC_MSGSEND = YES;
				GCC_C_LANGUAGE_STANDARD = gnu11;
				GCC_NO_COMMON_BLOCKS = YES;
				GCC_WARN_64_TO_32_BIT_CONVERSION = YES;
				GCC_WARN_ABOUT_RETURN_TYPE = YES_ERROR;
				GCC_WARN_UNDECLARED_SELECTOR = YES;
				GCC_WARN_UNINITIALIZED_AUTOS = YES_AGGRESSIVE;
				GCC_WARN_UNUSED_FUNCTION = YES;
				GCC_WARN_UNUSED_VARIABLE = YES;
				IPHONEOS_DEPLOYMENT_TARGET = 13.4;
				MTL_ENABLE_DEBUG_INFO = NO;
				MTL_FAST_MATH = YES;
				SDKROOT = iphoneos;
				SWIFT_COMPILATION_MODE = wholemodule;
				SWIFT_OPTIMIZATION_LEVEL = "-O";
				VALIDATE_PRODUCT = YES;
			};
			name = Release;
		};
		52298714245F5EB100854E51 /* Debug */ = {
			isa = XCBuildConfiguration;
			buildSettings = {
				ASSETCATALOG_COMPILER_APPICON_NAME = AppIcon;
				CODE_SIGN_STYLE = Automatic;
				DEVELOPMENT_TEAM = 365X9WR9C8;
				INFOPLIST_FILE = "Gray HW #8/Info.plist";
				LD_RUNPATH_SEARCH_PATHS = (
					"$(inherited)",
					"@executable_path/Frameworks",
				);
				PRODUCT_BUNDLE_IDENTIFIER = "Logan-Gray.Gray-HW--8";
				PRODUCT_NAME = "$(TARGET_NAME)";
				SWIFT_VERSION = 5.0;
				TARGETED_DEVICE_FAMILY = "1,2";
			};
			name = Debug;
		};
		52298715245F5EB100854E51 /* Release */ = {
			isa = XCBuildConfiguration;
			buildSettings = {
				ASSETCATALOG_COMPILER_APPICON_NAME = AppIcon;
				CODE_SIGN_STYLE = Automatic;
				DEVELOPMENT_TEAM = 365X9WR9C8;
				INFOPLIST_FILE = "Gray HW #8/Info.plist";
				LD_RUNPATH_SEARCH_PATHS = (
					"$(inherited)",
					"@executable_path/Frameworks",
				);
				PRODUCT_BUNDLE_IDENTIFIER = "Logan-Gray.Gray-HW--8";
				PRODUCT_NAME = "$(TARGET_NAME)";
				SWIFT_VERSION = 5.0;
				TARGETED_DEVICE_FAMILY = "1,2";
			};
			name = Release;
		};
		52298717245F5EB100854E51 /* Debug */ = {
			isa = XCBuildConfiguration;
			buildSettings = {
				ALWAYS_EMBED_SWIFT_STANDARD_LIBRARIES = YES;
				BUNDLE_LOADER = "$(TEST_HOST)";
				CODE_SIGN_STYLE = Automatic;
				INFOPLIST_FILE = "Gray HW #8Tests/Info.plist";
				IPHONEOS_DEPLOYMENT_TARGET = 13.4;
				LD_RUNPATH_SEARCH_PATHS = (
					"$(inherited)",
					"@executable_path/Frameworks",
					"@loader_path/Frameworks",
				);
				PRODUCT_BUNDLE_IDENTIFIER = "Logan-Gray.Gray-HW--8Tests";
				PRODUCT_NAME = "$(TARGET_NAME)";
				SWIFT_VERSION = 5.0;
				TARGETED_DEVICE_FAMILY = "1,2";
				TEST_HOST = "$(BUILT_PRODUCTS_DIR)/Gray HW #8.app/Gray HW #8";
			};
			name = Debug;
		};
		52298718245F5EB100854E51 /* Release */ = {
			isa = XCBuildConfiguration;
			buildSettings = {
				ALWAYS_EMBED_SWIFT_STANDARD_LIBRARIES = YES;
				BUNDLE_LOADER = "$(TEST_HOST)";
				CODE_SIGN_STYLE = Automatic;
				INFOPLIST_FILE = "Gray HW #8Tests/Info.plist";
				IPHONEOS_DEPLOYMENT_TARGET = 13.4;
				LD_RUNPATH_SEARCH_PATHS = (
					"$(inherited)",
					"@executable_path/Frameworks",
					"@loader_path/Frameworks",
				);
				PRODUCT_BUNDLE_IDENTIFIER = "Logan-Gray.Gray-HW--8Tests";
				PRODUCT_NAME = "$(TARGET_NAME)";
				SWIFT_VERSION = 5.0;
				TARGETED_DEVICE_FAMILY = "1,2";
				TEST_HOST = "$(BUILT_PRODUCTS_DIR)/Gray HW #8.app/Gray HW #8";
			};
			name = Release;
		};
		5229871A245F5EB100854E51 /* Debug */ = {
			isa = XCBuildConfiguration;
			buildSettings = {
				ALWAYS_EMBED_SWIFT_STANDARD_LIBRARIES = YES;
				CODE_SIGN_STYLE = Automatic;
				INFOPLIST_FILE = "Gray HW #8UITests/Info.plist";
				LD_RUNPATH_SEARCH_PATHS = (
					"$(inherited)",
					"@executable_path/Frameworks",
					"@loader_path/Frameworks",
				);
				PRODUCT_BUNDLE_IDENTIFIER = "Logan-Gray.Gray-HW--8UITests";
				PRODUCT_NAME = "$(TARGET_NAME)";
				SWIFT_VERSION = 5.0;
				TARGETED_DEVICE_FAMILY = "1,2";
				TEST_TARGET_NAME = "Gray HW #8";
			};
			name = Debug;
		};
		5229871B245F5EB100854E51 /* Release */ = {
			isa = XCBuildConfiguration;
			buildSettings = {
				ALWAYS_EMBED_SWIFT_STANDARD_LIBRARIES = YES;
				CODE_SIGN_STYLE = Automatic;
				INFOPLIST_FILE = "Gray HW #8UITests/Info.plist";
				LD_RUNPATH_SEARCH_PATHS = (
					"$(inherited)",
					"@executable_path/Frameworks",
					"@loader_path/Frameworks",
				);
				PRODUCT_BUNDLE_IDENTIFIER = "Logan-Gray.Gray-HW--8UITests";
				PRODUCT_NAME = "$(TARGET_NAME)";
				SWIFT_VERSION = 5.0;
				TARGETED_DEVICE_FAMILY = "1,2";
				TEST_TARGET_NAME = "Gray HW #8";
			};
			name = Release;
		};
/* End XCBuildConfiguration section */

/* Begin XCConfigurationList section */
		522986E4245F5EAE00854E51 /* Build configuration list for PBXProject "Gray HW #8" */ = {
			isa = XCConfigurationList;
			buildConfigurations = (
				52298711245F5EB100854E51 /* Debug */,
				52298712245F5EB100854E51 /* Release */,
			);
			defaultConfigurationIsVisible = 0;
			defaultConfigurationName = Release;
		};
		52298713245F5EB100854E51 /* Build configuration list for PBXNativeTarget "Gray HW #8" */ = {
			isa = XCConfigurationList;
			buildConfigurations = (
				52298714245F5EB100854E51 /* Debug */,
				52298715245F5EB100854E51 /* Release */,
			);
			defaultConfigurationIsVisible = 0;
			defaultConfigurationName = Release;
		};
		52298716245F5EB100854E51 /* Build configuration list for PBXNativeTarget "Gray HW #8Tests" */ = {
			isa = XCConfigurationList;
			buildConfigurations = (
				52298717245F5EB100854E51 /* Debug */,
				52298718245F5EB100854E51 /* Release */,
			);
			defaultConfigurationIsVisible = 0;
			defaultConfigurationName = Release;
		};
		52298719245F5EB100854E51 /* Build configuration list for PBXNativeTarget "Gray HW #8UITests" */ = {
			isa = XCConfigurationList;
			buildConfigurations = (
				5229871A245F5EB100854E51 /* Debug */,
				5229871B245F5EB100854E51 /* Release */,
			);
			defaultConfigurationIsVisible = 0;
			defaultConfigurationName = Release;
		};
/* End XCConfigurationList section */
	};
	rootObject = 522986E1245F5EAE00854E51 /* Project object */;
}
